// !$*UTF8*$!
{
	archiveVersion = 1;
	classes = {
	};
	objectVersion = 56;
	objects = {

/* Begin PBXBuildFile section */
		SG0000000000000000000101 /* SealedGladeApp.swift in Sources */ = {isa = PBXBuildFile; fileRef = SG0000000000000000000001 /* SealedGladeApp.swift */; };
		SG0000000000000000000102 /* GladeTheme.swift in Sources */ = {isa = PBXBuildFile; fileRef = SG0000000000000000000002 /* GladeTheme.swift */; };
		SG0000000000000000000103 /* GladeIcons.swift in Sources */ = {isa = PBXBuildFile; fileRef = SG0000000000000000000003 /* GladeIcons.swift */; };
		SG0000000000000000000104 /* JarModel.swift in Sources */ = {isa = PBXBuildFile; fileRef = SG0000000000000000000004 /* JarModel.swift */; };
		SG0000000000000000000105 /* GladeSpecies.swift in Sources */ = {isa = PBXBuildFile; fileRef = SG0000000000000000000005 /* GladeSpecies.swift */; };
		SG0000000000000000000106 /* JarArtist.swift in Sources */ = {isa = PBXBuildFile; fileRef = SG0000000000000000000006 /* JarArtist.swift */; };
		SG0000000000000000000107 /* BuilderView.swift in Sources */ = {isa = PBXBuildFile; fileRef = SG0000000000000000000007 /* BuilderView.swift */; };
		SG0000000000000000000108 /* GladeView.swift in Sources */ = {isa = PBXBuildFile; fileRef = SG0000000000000000000008 /* GladeView.swift */; };
		SG0000000000000000000109 /* ShelfView.swift in Sources */ = {isa = PBXBuildFile; fileRef = SG0000000000000000000009 /* ShelfView.swift */; };
		SG0000000000000000000110 /* GuideView.swift in Sources */ = {isa = PBXBuildFile; fileRef = SG0000000000000000000010 /* GuideView.swift */; };
		SG0000000000000000000111 /* GladeGuides.swift in Sources */ = {isa = PBXBuildFile; fileRef = SG0000000000000000000011 /* GladeGuides.swift */; };
		SG0000000000000000000112 /* GladeGlossary.swift in Sources */ = {isa = PBXBuildFile; fileRef = SG0000000000000000000012 /* GladeGlossary.swift */; };
		SG0000000000000000000113 /* JournalView.swift in Sources */ = {isa = PBXBuildFile; fileRef = SG0000000000000000000013 /* JournalView.swift */; };
		SG0000000000000000000114 /* GladeAwards.swift in Sources */ = {isa = PBXBuildFile; fileRef = SG0000000000000000000014 /* GladeAwards.swift */; };
		SG0000000000000000000115 /* OnboardingView.swift in Sources */ = {isa = PBXBuildFile; fileRef = SG0000000000000000000015 /* OnboardingView.swift */; };
		SG0000000000000000000116 /* RootView.swift in Sources */ = {isa = PBXBuildFile; fileRef = SG0000000000000000000016 /* RootView.swift */; };
		SG0000000000000000000117 /* Components.swift in Sources */ = {isa = PBXBuildFile; fileRef = SG0000000000000000000017 /* Components.swift */; };
		SG0000000000000000000118 /* GladeStore.swift in Sources */ = {isa = PBXBuildFile; fileRef = SG0000000000000000000018 /* GladeStore.swift */; };
		SG0000000000000000000119 /* QuizViews.swift in Sources */ = {isa = PBXBuildFile; fileRef = SG0000000000000000000019 /* QuizViews.swift */; };
		SG0000000000000000000125 /* JarEvents.swift in Sources */ = {isa = PBXBuildFile; fileRef = SG0000000000000000000025 /* JarEvents.swift */; };
		SG0000000000000000000126 /* GladeNotes.swift in Sources */ = {isa = PBXBuildFile; fileRef = SG0000000000000000000026 /* GladeNotes.swift */; };
		SG0000000000000000000127 /* GladeWebPanel.swift in Sources */ = {isa = PBXBuildFile; fileRef = SG0000000000000000000027 /* GladeWebPanel.swift */; };
		SG0000000000000000000128 /* GladeOpeningScreen.swift in Sources */ = {isa = PBXBuildFile; fileRef = SG0000000000000000000028 /* GladeOpeningScreen.swift */; };
		SG0000000000000000000120 /* Assets.xcassets in Resources */ = {isa = PBXBuildFile; fileRef = SG0000000000000000000020 /* Assets.xcassets */; };
		SG0000000000000000000121 /* Art in Resources */ = {isa = PBXBuildFile; fileRef = SG0000000000000000000021 /* Art */; };
/* End PBXBuildFile section */

/* Begin PBXFileReference section */
		SG0000000000000000000001 /* SealedGladeApp.swift */ = {isa = PBXFileReference; lastKnownFileType = sourcecode.swift; path = SealedGladeApp.swift; sourceTree = "<group>"; };
		SG0000000000000000000002 /* GladeTheme.swift */ = {isa = PBXFileReference; lastKnownFileType = sourcecode.swift; path = GladeTheme.swift; sourceTree = "<group>"; };
		SG0000000000000000000003 /* GladeIcons.swift */ = {isa = PBXFileReference; lastKnownFileType = sourcecode.swift; path = GladeIcons.swift; sourceTree = "<group>"; };
		SG0000000000000000000004 /* JarModel.swift */ = {isa = PBXFileReference; lastKnownFileType = sourcecode.swift; path = JarModel.swift; sourceTree = "<group>"; };
		SG0000000000000000000005 /* GladeSpecies.swift */ = {isa = PBXFileReference; lastKnownFileType = sourcecode.swift; path = GladeSpecies.swift; sourceTree = "<group>"; };
		SG0000000000000000000006 /* JarArtist.swift */ = {isa = PBXFileReference; lastKnownFileType = sourcecode.swift; path = JarArtist.swift; sourceTree = "<group>"; };
		SG0000000000000000000007 /* BuilderView.swift */ = {isa = PBXFileReference; lastKnownFileType = sourcecode.swift; path = BuilderView.swift; sourceTree = "<group>"; };
		SG0000000000000000000008 /* GladeView.swift */ = {isa = PBXFileReference; lastKnownFileType = sourcecode.swift; path = GladeView.swift; sourceTree = "<group>"; };
		SG0000000000000000000009 /* ShelfView.swift */ = {isa = PBXFileReference; lastKnownFileType = sourcecode.swift; path = ShelfView.swift; sourceTree = "<group>"; };
		SG0000000000000000000010 /* GuideView.swift */ = {isa = PBXFileReference; lastKnownFileType = sourcecode.swift; path = GuideView.swift; sourceTree = "<group>"; };
		SG0000000000000000000011 /* GladeGuides.swift */ = {isa = PBXFileReference; lastKnownFileType = sourcecode.swift; path = GladeGuides.swift; sourceTree = "<group>"; };
		SG0000000000000000000012 /* GladeGlossary.swift */ = {isa = PBXFileReference; lastKnownFileType = sourcecode.swift; path = GladeGlossary.swift; sourceTree = "<group>"; };
		SG0000000000000000000013 /* JournalView.swift */ = {isa = PBXFileReference; lastKnownFileType = sourcecode.swift; path = JournalView.swift; sourceTree = "<group>"; };
		SG0000000000000000000014 /* GladeAwards.swift */ = {isa = PBXFileReference; lastKnownFileType = sourcecode.swift; path = GladeAwards.swift; sourceTree = "<group>"; };
		SG0000000000000000000015 /* OnboardingView.swift */ = {isa = PBXFileReference; lastKnownFileType = sourcecode.swift; path = OnboardingView.swift; sourceTree = "<group>"; };
		SG0000000000000000000016 /* RootView.swift */ = {isa = PBXFileReference; lastKnownFileType = sourcecode.swift; path = RootView.swift; sourceTree = "<group>"; };
		SG0000000000000000000017 /* Components.swift */ = {isa = PBXFileReference; lastKnownFileType = sourcecode.swift; path = Components.swift; sourceTree = "<group>"; };
		SG0000000000000000000018 /* GladeStore.swift */ = {isa = PBXFileReference; lastKnownFileType = sourcecode.swift; path = GladeStore.swift; sourceTree = "<group>"; };
		SG0000000000000000000019 /* QuizViews.swift */ = {isa = PBXFileReference; lastKnownFileType = sourcecode.swift; path = QuizViews.swift; sourceTree = "<group>"; };
		SG0000000000000000000025 /* JarEvents.swift */ = {isa = PBXFileReference; lastKnownFileType = sourcecode.swift; path = JarEvents.swift; sourceTree = "<group>"; };
		SG0000000000000000000026 /* GladeNotes.swift */ = {isa = PBXFileReference; lastKnownFileType = sourcecode.swift; path = GladeNotes.swift; sourceTree = "<group>"; };
		SG0000000000000000000027 /* GladeWebPanel.swift */ = {isa = PBXFileReference; lastKnownFileType = sourcecode.swift; path = GladeWebPanel.swift; sourceTree = "<group>"; };
		SG0000000000000000000028 /* GladeOpeningScreen.swift */ = {isa = PBXFileReference; lastKnownFileType = sourcecode.swift; path = GladeOpeningScreen.swift; sourceTree = "<group>"; };
		SG0000000000000000000020 /* Assets.xcassets */ = {isa = PBXFileReference; lastKnownFileType = folder.assetcatalog; path = Assets.xcassets; sourceTree = "<group>"; };
		SG0000000000000000000021 /* Art */ = {isa = PBXFileReference; lastKnownFileType = folder; path = Art; sourceTree = "<group>"; };
		SG0000000000000000000022 /* Info.plist */ = {isa = PBXFileReference; lastKnownFileType = text.plist.xml; path = Info.plist; sourceTree = "<group>"; };
		SG0000000000000000000030 /* Sealed Glade.app */ = {isa = PBXFileReference; explicitFileType = wrapper.application; includeInIndex = 0; path = "Sealed Glade.app"; sourceTree = BUILT_PRODUCTS_DIR; };
/* End PBXFileReference section */

/* Begin PBXFrameworksBuildPhase section */
		SG0000000000000000000201 /* Frameworks */ = {
			isa = PBXFrameworksBuildPhase;
			buildActionMask = 2147483647;
			files = (
			);
			runOnlyForDeploymentPostprocessing = 0;
		};
/* End PBXFrameworksBuildPhase section */

/* Begin PBXGroup section */
		SG0000000000000000000301 = {
			isa = PBXGroup;
			children = (
				SG0000000000000000000302 /* Sealed Glade */,
				SG0000000000000000000303 /* Products */,
			);
			sourceTree = "<group>";
		};
		SG0000000000000000000302 /* Sealed Glade */ = {
			isa = PBXGroup;
			children = (
				SG0000000000000000000001 /* SealedGladeApp.swift */,
				SG0000000000000000000002 /* GladeTheme.swift */,
				SG0000000000000000000003 /* GladeIcons.swift */,
				SG0000000000000000000004 /* JarModel.swift */,
				SG0000000000000000000005 /* GladeSpecies.swift */,
				SG0000000000000000000006 /* JarArtist.swift */,
				SG0000000000000000000007 /* BuilderView.swift */,
				SG0000000000000000000008 /* GladeView.swift */,
				SG0000000000000000000009 /* ShelfView.swift */,
				SG0000000000000000000010 /* GuideView.swift */,
				SG0000000000000000000011 /* GladeGuides.swift */,
				SG0000000000000000000012 /* GladeGlossary.swift */,
				SG0000000000000000000013 /* JournalView.swift */,
				SG0000000000000000000014 /* GladeAwards.swift */,
				SG0000000000000000000015 /* OnboardingView.swift */,
				SG0000000000000000000016 /* RootView.swift */,
				SG0000000000000000000017 /* Components.swift */,
				SG0000000000000000000018 /* GladeStore.swift */,
				SG0000000000000000000019 /* QuizViews.swift */,
				SG0000000000000000000025 /* JarEvents.swift */,
				SG0000000000000000000026 /* GladeNotes.swift */,
				SG0000000000000000000027 /* GladeWebPanel.swift */,
				SG0000000000000000000028 /* GladeOpeningScreen.swift */,
				SG0000000000000000000020 /* Assets.xcassets */,
				SG0000000000000000000021 /* Art */,
				SG0000000000000000000022 /* Info.plist */,
			);
			path = "Sealed Glade";
			sourceTree = "<group>";
		};
		SG0000000000000000000303 /* Products */ = {
			isa = PBXGroup;
			children = (
				SG0000000000000000000030 /* Sealed Glade.app */,
			);
			name = Products;
			sourceTree = "<group>";
		};
/* End PBXGroup section */

/* Begin PBXNativeTarget section */
		SG0000000000000000000401 /* Sealed Glade */ = {
			isa = PBXNativeTarget;
			buildConfigurationList = SG0000000000000000000501 /* Build configuration list for PBXNativeTarget "Sealed Glade" */;
			buildPhases = (
				SG0000000000000000000601 /* Sources */,
				SG0000000000000000000201 /* Frameworks */,
				SG0000000000000000000602 /* Resources */,
			);
			buildRules = (
			);
			dependencies = (
			);
			name = "Sealed Glade";
			productName = "Sealed Glade";
			productReference = SG0000000000000000000030 /* Sealed Glade.app */;
			productType = "com.apple.product-type.application";
		};
/* End PBXNativeTarget section */

/* Begin PBXProject section */
		SG0000000000000000000701 /* Project object */ = {
			isa = PBXProject;
			attributes = {
				BuildIndependentTargetsInParallel = 1;
				LastSwiftUpdateCheck = 1500;
				LastUpgradeCheck = 1500;
				TargetAttributes = {
					SG0000000000000000000401 = {
						CreatedOnToolsVersion = 15.0;
					};
				};
			};
			buildConfigurationList = SG0000000000000000000502 /* Build configuration list for PBXProject "Sealed Glade" */;
			compatibilityVersion = "Xcode 14.0";
			developmentRegion = en;
			hasScannedForEncodings = 0;
			knownRegions = (
				en,
				Base,
			);
			mainGroup = SG0000000000000000000301;
			productRefGroup = SG0000000000000000000303 /* Products */;
			projectDirPath = "";
			projectRoot = "";
			targets = (
				SG0000000000000000000401 /* Sealed Glade */,
			);
		};
/* End PBXProject section */

/* Begin PBXResourcesBuildPhase section */
		SG0000000000000000000602 /* Resources */ = {
			isa = PBXResourcesBuildPhase;
			buildActionMask = 2147483647;
			files = (
				SG0000000000000000000120 /* Assets.xcassets in Resources */,
				SG0000000000000000000121 /* Art in Resources */,
			);
			runOnlyForDeploymentPostprocessing = 0;
		};
/* End PBXResourcesBuildPhase section */

/* Begin PBXSourcesBuildPhase section */
		SG0000000000000000000601 /* Sources */ = {
			isa = PBXSourcesBuildPhase;
			buildActionMask = 2147483647;
			files = (
				SG0000000000000000000101 /* SealedGladeApp.swift in Sources */,
				SG0000000000000000000102 /* GladeTheme.swift in Sources */,
				SG0000000000000000000103 /* GladeIcons.swift in Sources */,
				SG0000000000000000000104 /* JarModel.swift in Sources */,
				SG0000000000000000000105 /* GladeSpecies.swift in Sources */,
				SG0000000000000000000106 /* JarArtist.swift in Sources */,
				SG0000000000000000000107 /* BuilderView.swift in Sources */,
				SG0000000000000000000108 /* GladeView.swift in Sources */,
				SG0000000000000000000109 /* ShelfView.swift in Sources */,
				SG0000000000000000000110 /* GuideView.swift in Sources */,
				SG0000000000000000000111 /* GladeGuides.swift in Sources */,
				SG0000000000000000000112 /* GladeGlossary.swift in Sources */,
				SG0000000000000000000113 /* JournalView.swift in Sources */,
				SG0000000000000000000114 /* GladeAwards.swift in Sources */,
				SG0000000000000000000115 /* OnboardingView.swift in Sources */,
				SG0000000000000000000116 /* RootView.swift in Sources */,
				SG0000000000000000000117 /* Components.swift in Sources */,
				SG0000000000000000000118 /* GladeStore.swift in Sources */,
				SG0000000000000000000119 /* QuizViews.swift in Sources */,
				SG0000000000000000000125 /* JarEvents.swift in Sources */,
				SG0000000000000000000126 /* GladeNotes.swift in Sources */,
				SG0000000000000000000127 /* GladeWebPanel.swift in Sources */,
				SG0000000000000000000128 /* GladeOpeningScreen.swift in Sources */,
			);
			runOnlyForDeploymentPostprocessing = 0;
		};
/* End PBXSourcesBuildPhase section */

/* Begin XCBuildConfiguration section */
		SG0000000000000000000801 /* Debug */ = {
			isa = XCBuildConfiguration;
			buildSettings = {
				ALWAYS_SEARCH_USER_PATHS = NO;
				CLANG_ANALYZER_NONNULL = YES;
				CLANG_ANALYZER_NUMBER_OBJECT_CONVERSION = YES_AGGRESSIVE;
				CLANG_CXX_LANGUAGE_STANDARD = "gnu++20";
				CLANG_ENABLE_MODULES = YES;
				CLANG_ENABLE_OBJC_ARC = YES;
				CLANG_ENABLE_OBJC_WEAK = YES;
				CLANG_WARN_BOOL_CONVERSION = YES;
				CLANG_WARN_CONSTANT_CONVERSION = YES;
				CLANG_WARN_DIRECT_OBJC_ISA_USAGE = YES_ERROR;
				CLANG_WARN_EMPTY_BODY = YES;
				CLANG_WARN_ENUM_CONVERSION = YES;
				CLANG_WARN_INFINITE_RECURSION = YES;
				CLANG_WARN_INT_CONVERSION = YES;
				CLANG_WARN_OBJC_ROOT_CLASS = YES_ERROR;
				CLANG_WARN_UNREACHABLE_CODE = YES;
				CLANG_WARN__DUPLICATE_METHOD_MATCH = YES;
				COPY_PHASE_STRIP = NO;
				DEBUG_INFORMATION_FORMAT = dwarf;
				ENABLE_STRICT_OBJC_MSGSEND = YES;
				ENABLE_TESTABILITY = YES;
				GCC_C_LANGUAGE_STANDARD = gnu17;
				GCC_DYNAMIC_NO_PIC = NO;
				GCC_NO_COMMON_BLOCKS = YES;
				GCC_OPTIMIZATION_LEVEL = 0;
				GCC_PREPROCESSOR_DEFINITIONS = (
					"DEBUG=1",
					"$(inherited)",
				);
				GCC_WARN_64_TO_32_BIT_CONVERSION = YES;
				GCC_WARN_ABOUT_RETURN_TYPE = YES_ERROR;
				GCC_WARN_UNDECLARED_SELECTOR = YES;
				GCC_WARN_UNINITIALIZED_AUTOS = YES_AGGRESSIVE;
				GCC_WARN_UNUSED_FUNCTION = YES;
				GCC_WARN_UNUSED_VARIABLE = YES;
				IPHONEOS_DEPLOYMENT_TARGET = 15.6;
				MTL_ENABLE_DEBUG_INFO = INCLUDE_SOURCE;
				MTL_FAST_MATH = YES;
				ONLY_ACTIVE_ARCH = YES;
				SDKROOT = iphoneos;
				SWIFT_ACTIVE_COMPILATION_CONDITIONS = "DEBUG $(inherited)";
				SWIFT_OPTIMIZATION_LEVEL = "-Onone";
			};
			name = Debug;
		};
		SG0000000000000000000802 /* Release */ = {
			isa = XCBuildConfiguration;
			buildSettings = {
				ALWAYS_SEARCH_USER_PATHS = NO;
				CLANG_ANALYZER_NONNULL = YES;
				CLANG_ANALYZER_NUMBER_OBJECT_CONVERSION = YES_AGGRESSIVE;
				CLANG_CXX_LANGUAGE_STANDARD = "gnu++20";
				CLANG_ENABLE_MODULES = YES;
				CLANG_ENABLE_OBJC_ARC = YES;
				CLANG_ENABLE_OBJC_WEAK = YES;
				CLANG_WARN_BOOL_CONVERSION = YES;
				CLANG_WARN_CONSTANT_CONVERSION = YES;
				CLANG_WARN_DIRECT_OBJC_ISA_USAGE = YES_ERROR;
				CLANG_WARN_EMPTY_BODY = YES;
				CLANG_WARN_ENUM_CONVERSION = YES;
				CLANG_WARN_INFINITE_RECURSION = YES;
				CLANG_WARN_INT_CONVERSION = YES;
				CLANG_WARN_OBJC_ROOT_CLASS = YES_ERROR;
				CLANG_WARN_UNREACHABLE_CODE = YES;
				CLANG_WARN__DUPLICATE_METHOD_MATCH = YES;
				COPY_PHASE_STRIP = NO;
				DEBUG_INFORMATION_FORMAT = "dwarf-with-dsym";
				ENABLE_NS_ASSERTIONS = NO;
				ENABLE_STRICT_OBJC_MSGSEND = YES;
				GCC_C_LANGUAGE_STANDARD = gnu17;
				GCC_NO_COMMON_BLOCKS = YES;
				GCC_WARN_64_TO_32_BIT_CONVERSION = YES;
				GCC_WARN_ABOUT_RETURN_TYPE = YES_ERROR;
				GCC_WARN_UNDECLARED_SELECTOR = YES;
				GCC_WARN_UNINITIALIZED_AUTOS = YES_AGGRESSIVE;
				GCC_WARN_UNUSED_FUNCTION = YES;
				GCC_WARN_UNUSED_VARIABLE = YES;
				IPHONEOS_DEPLOYMENT_TARGET = 15.6;
				MTL_ENABLE_DEBUG_INFO = NO;
				MTL_FAST_MATH = YES;
				SDKROOT = iphoneos;
				SWIFT_COMPILATION_MODE = wholemodule;
				SWIFT_OPTIMIZATION_LEVEL = "-O";
			};
			name = Release;
		};
		SG0000000000000000000803 /* Debug */ = {
			isa = XCBuildConfiguration;
			buildSettings = {
				ASSETCATALOG_COMPILER_APPICON_NAME = AppIcon;
				CODE_SIGN_STYLE = Manual;
				CURRENT_PROJECT_VERSION = 3;
				ENABLE_PREVIEWS = YES;
				GENERATE_INFOPLIST_FILE = NO;
				INFOPLIST_FILE = "Sealed Glade/Info.plist";
				IPHONEOS_DEPLOYMENT_TARGET = 15.6;
				LD_RUNPATH_SEARCH_PATHS = (
					"$(inherited)",
					"@executable_path/Frameworks",
				);
				MARKETING_VERSION = 1.2;
				PRODUCT_BUNDLE_IDENTIFIER = com.juliaparker.sealed-glade;
				PRODUCT_NAME = "$(TARGET_NAME)";
				SUPPORTED_PLATFORMS = "iphoneos iphonesimulator";
				SUPPORTS_MACCATALYST = NO;
				SUPPORTS_MAC_DESIGNED_FOR_IPHONE_IPAD = NO;
				SUPPORTS_XR_DESIGNED_FOR_IPHONE_IPAD = NO;
				SWIFT_EMIT_LOC_STRINGS = YES;
				SWIFT_VERSION = 5.0;
				TARGETED_DEVICE_FAMILY = "1,2";
			};
			name = Debug;
		};
		SG0000000000000000000804 /* Release */ = {
			isa = XCBuildConfiguration;
			buildSettings = {
				ASSETCATALOG_COMPILER_APPICON_NAME = AppIcon;
				CODE_SIGN_STYLE = Manual;
				CURRENT_PROJECT_VERSION = 3;
				ENABLE_PREVIEWS = YES;
				GENERATE_INFOPLIST_FILE = NO;
				INFOPLIST_FILE = "Sealed Glade/Info.plist";
				IPHONEOS_DEPLOYMENT_TARGET = 15.6;
				LD_RUNPATH_SEARCH_PATHS = (
					"$(inherited)",
					"@executable_path/Frameworks",
				);
				MARKETING_VERSION = 1.2;
				PRODUCT_BUNDLE_IDENTIFIER = com.juliaparker.sealed-glade;
				PRODUCT_NAME = "$(TARGET_NAME)";
				SUPPORTED_PLATFORMS = "iphoneos iphonesimulator";
				SUPPORTS_MACCATALYST = NO;
				SUPPORTS_MAC_DESIGNED_FOR_IPHONE_IPAD = NO;
				SUPPORTS_XR_DESIGNED_FOR_IPHONE_IPAD = NO;
				SWIFT_EMIT_LOC_STRINGS = YES;
				SWIFT_VERSION = 5.0;
				TARGETED_DEVICE_FAMILY = "1,2";
			};
			name = Release;
		};
/* End XCBuildConfiguration section */

/* Begin XCConfigurationList section */
		SG0000000000000000000501 /* Build configuration list for PBXNativeTarget "Sealed Glade" */ = {
			isa = XCConfigurationList;
			buildConfigurations = (
				SG0000000000000000000803 /* Debug */,
				SG0000000000000000000804 /* Release */,
			);
			defaultConfigurationIsVisible = 0;
			defaultConfigurationName = Release;
		};
		SG0000000000000000000502 /* Build configuration list for PBXProject "Sealed Glade" */ = {
			isa = XCConfigurationList;
			buildConfigurations = (
				SG0000000000000000000801 /* Debug */,
				SG0000000000000000000802 /* Release */,
			);
			defaultConfigurationIsVisible = 0;
			defaultConfigurationName = Release;
		};
/* End XCConfigurationList section */
	};
	rootObject = SG0000000000000000000701 /* Project object */;
}
